// !$*UTF8*$!
{
	archiveVersion = 1;
	classes = {
	};
	objectVersion = 77;
	objects = {

/* Begin PBXBuildFile section */
		284CEA1E2FE22BC100AA0A99 /* WidgetKit.framework in Frameworks */ = {isa = PBXBuildFile; fileRef = 284CEA1D2FE22BC100AA0A99 /* WidgetKit.framework */; };
		284CEA202FE22BC100AA0A99 /* SwiftUI.framework in Frameworks */ = {isa = PBXBuildFile; fileRef = 284CEA1F2FE22BC100AA0A99 /* SwiftUI.framework */; };
		284CEA2D2FE22BC200AA0A99 /* ThinkWidgetsExtension.appex in Embed Foundation Extensions */ = {isa = PBXBuildFile; fileRef = 284CEA1B2FE22BC100AA0A99 /* ThinkWidgetsExtension.appex */; settings = {ATTRIBUTES = (RemoveHeadersOnCopy, ); }; };
/* End PBXBuildFile section */

/* Begin PBXContainerItemProxy section */
		282252662FDC7FE700B8D961 /* PBXContainerItemProxy */ = {
			isa = PBXContainerItemProxy;
			containerPortal = 282252502FDC7FE500B8D961 /* Project object */;
			proxyType = 1;
			remoteGlobalIDString = 282252572FDC7FE500B8D961;
			remoteInfo = "aivery-think-ios";
		};
		282252702FDC7FE700B8D961 /* PBXContainerItemProxy */ = {
			isa = PBXContainerItemProxy;
			containerPortal = 282252502FDC7FE500B8D961 /* Project object */;
			proxyType = 1;
			remoteGlobalIDString = 282252572FDC7FE500B8D961;
			remoteInfo = "aivery-think-ios";
		};
		284CEA2B2FE22BC200AA0A99 /* PBXContainerItemProxy */ = {
			isa = PBXContainerItemProxy;
			containerPortal = 282252502FDC7FE500B8D961 /* Project object */;
			proxyType = 1;
			remoteGlobalIDString = 284CEA1A2FE22BC100AA0A99;
			remoteInfo = ThinkWidgetsExtension;
		};
/* End PBXContainerItemProxy section */

/* Begin PBXCopyFilesBuildPhase section */
		284CEA322FE22BC200AA0A99 /* Embed Foundation Extensions */ = {
			isa = PBXCopyFilesBuildPhase;
			buildActionMask = 2147483647;
			dstPath = "";
			dstSubfolderSpec = 13;
			files = (
				284CEA2D2FE22BC200AA0A99 /* ThinkWidgetsExtension.appex in Embed Foundation Extensions */,
			);
			name = "Embed Foundation Extensions";
			runOnlyForDeploymentPostprocessing = 0;
		};
/* End PBXCopyFilesBuildPhase section */

/* Begin PBXFileReference section */
		282252582FDC7FE500B8D961 /* aivery-think-ios.app */ = {isa = PBXFileReference; explicitFileType = wrapper.application; includeInIndex = 0; path = "aivery-think-ios.app"; sourceTree = BUILT_PRODUCTS_DIR; };
		282252652FDC7FE700B8D961 /* aivery-think-iosTests.xctest */ = {isa = PBXFileReference; explicitFileType = wrapper.cfbundle; includeInIndex = 0; path = "aivery-think-iosTests.xctest"; sourceTree = BUILT_PRODUCTS_DIR; };
		2822526F2FDC7FE700B8D961 /* aivery-think-iosUITests.xctest */ = {isa = PBXFileReference; explicitFileType = wrapper.cfbundle; includeInIndex = 0; path = "aivery-think-iosUITests.xctest"; sourceTree = BUILT_PRODUCTS_DIR; };
		284CEA1B2FE22BC100AA0A99 /* ThinkWidgetsExtension.appex */ = {isa = PBXFileReference; explicitFileType = "wrapper.app-extension"; includeInIndex = 0; path = ThinkWidgetsExtension.appex; sourceTree = BUILT_PRODUCTS_DIR; };
		284CEA1D2FE22BC100AA0A99 /* WidgetKit.framework */ = {isa = PBXFileReference; lastKnownFileType = wrapper.framework; name = WidgetKit.framework; path = System/Library/Frameworks/WidgetKit.framework; sourceTree = SDKROOT; };
		284CEA1F2FE22BC100AA0A99 /* SwiftUI.framework */ = {isa = PBXFileReference; lastKnownFileType = wrapper.framework; name = SwiftUI.framework; path = System/Library/Frameworks/SwiftUI.framework; sourceTree = SDKROOT; };
/* End PBXFileReference section */

/* Begin PBXFileSystemSynchronizedBuildFileExceptionSet section */
		284CEA2E2FE22BC200AA0A99 /* Exceptions for "ThinkWidgets" folder in "ThinkWidgetsExtension" target */ = {
			isa = PBXFileSystemSynchronizedBuildFileExceptionSet;
			membershipExceptions = (
				Info.plist,
			);
			target = 284CEA1A2FE22BC100AA0A99 /* ThinkWidgetsExtension */;
		};
		284CEA342FE22CF100AA0A99 /* Exceptions for "aivery-think-ios" folder in "ThinkWidgetsExtension" target */ = {
			isa = PBXFileSystemSynchronizedBuildFileExceptionSet;
			membershipExceptions = (
				Shared/ThinkingActivityAttributes.swift,
			);
			target = 284CEA1A2FE22BC100AA0A99 /* ThinkWidgetsExtension */;
		};
/* End PBXFileSystemSynchronizedBuildFileExceptionSet section */

/* Begin PBXFileSystemSynchronizedRootGroup section */
		2822525A2FDC7FE500B8D961 /* aivery-think-ios */ = {
			isa = PBXFileSystemSynchronizedRootGroup;
			exceptions = (
				284CEA342FE22CF100AA0A99 /* Exceptions for "aivery-think-ios" folder in "ThinkWidgetsExtension" target */,
			);
			path = "aivery-think-ios";
			sourceTree = "<group>";
		};
		282252682FDC7FE700B8D961 /* aivery-think-iosTests */ = {
			isa = PBXFileSystemSynchronizedRootGroup;
			path = "aivery-think-iosTests";
			sourceTree = "<group>";
		};
		282252722FDC7FE700B8D961 /* aivery-think-iosUITests */ = {
			isa = PBXFileSystemSynchronizedRootGroup;
			path = "aivery-think-iosUITests";
			sourceTree = "<group>";
		};
		284CEA212FE22BC100AA0A99 /* ThinkWidgets */ = {
			isa = PBXFileSystemSynchronizedRootGroup;
			exceptions = (
				284CEA2E2FE22BC200AA0A99 /* Exceptions for "ThinkWidgets" folder in "ThinkWidgetsExtension" target */,
			);
			path = ThinkWidgets;
			sourceTree = "<group>";
		};
/* End PBXFileSystemSynchronizedRootGroup section */

/* Begin PBXFrameworksBuildPhase section */
		282252552FDC7FE500B8D961 /* Frameworks */ = {
			isa = PBXFrameworksBuildPhase;
			buildActionMask = 2147483647;
			files = (
			);
			runOnlyForDeploymentPostprocessing = 0;
		};
		282252622FDC7FE700B8D961 /* Frameworks */ = {
			isa = PBXFrameworksBuildPhase;
			buildActionMask = 2147483647;
			files = (
			);
			runOnlyForDeploymentPostprocessing = 0;
		};
		2822526C2FDC7FE700B8D961 /* Frameworks */ = {
			isa = PBXFrameworksBuildPhase;
			buildActionMask = 2147483647;
			files = (
			);
			runOnlyForDeploymentPostprocessing = 0;
		};
		284CEA182FE22BC100AA0A99 /* Frameworks */ = {
			isa = PBXFrameworksBuildPhase;
			buildActionMask = 2147483647;
			files = (
				284CEA202FE22BC100AA0A99 /* SwiftUI.framework in Frameworks */,
				284CEA1E2FE22BC100AA0A99 /* WidgetKit.framework in Frameworks */,
			);
			runOnlyForDeploymentPostprocessing = 0;
		};
/* End PBXFrameworksBuildPhase section */

/* Begin PBXGroup section */
		2822524F2FDC7FE500B8D961 = {
			isa = PBXGroup;
			children = (
				2822525A2FDC7FE500B8D961 /* aivery-think-ios */,
				282252682FDC7FE700B8D961 /* aivery-think-iosTests */,
				282252722FDC7FE700B8D961 /* aivery-think-iosUITests */,
				284CEA212FE22BC100AA0A99 /* ThinkWidgets */,
				284CEA1C2FE22BC100AA0A99 /* Frameworks */,
				282252592FDC7FE500B8D961 /* Products */,
			);
			sourceTree = "<group>";
		};
		282252592FDC7FE500B8D961 /* Products */ = {
			isa = PBXGroup;
			children = (
				282252582FDC7FE500B8D961 /* aivery-think-ios.app */,
				282252652FDC7FE700B8D961 /* aivery-think-iosTests.xctest */,
				2822526F2FDC7FE700B8D961 /* aivery-think-iosUITests.xctest */,
				284CEA1B2FE22BC100AA0A99 /* ThinkWidgetsExtension.appex */,
			);
			name = Products;
			sourceTree = "<group>";
		};
		284CEA1C2FE22BC100AA0A99 /* Frameworks */ = {
			isa = PBXGroup;
			children = (
				284CEA1D2FE22BC100AA0A99 /* WidgetKit.framework */,
				284CEA1F2FE22BC100AA0A99 /* SwiftUI.framework */,
			);
			name = Frameworks;
			sourceTree = "<group>";
		};
/* End PBXGroup section */

/* Begin PBXNativeTarget section */
		282252572FDC7FE500B8D961 /* aivery-think-ios */ = {
			isa = PBXNativeTarget;
			buildConfigurationList = 282252792FDC7FE700B8D961 /* Build configuration list for PBXNativeTarget "aivery-think-ios" */;
			buildPhases = (
				282252542FDC7FE500B8D961 /* Sources */,
				282252552FDC7FE500B8D961 /* Frameworks */,
				282252562FDC7FE500B8D961 /* Resources */,
				284CEA322FE22BC200AA0A99 /* Embed Foundation Extensions */,
			);
			buildRules = (
			);
			dependencies = (
				284CEA2C2FE22BC200AA0A99 /* PBXTargetDependency */,
			);
			fileSystemSynchronizedGroups = (
				2822525A2FDC7FE500B8D961 /* aivery-think-ios */,
			);
			name = "aivery-think-ios";
			packageProductDependencies = (
			);
			productName = "aivery-think-ios";
			productReference = 282252582FDC7FE500B8D961 /* aivery-think-ios.app */;
			productType = "com.apple.product-type.application";
		};
		282252642FDC7FE700B8D961 /* aivery-think-iosTests */ = {
			isa = PBXNativeTarget;
			buildConfigurationList = 2822527C2FDC7FE700B8D961 /* Build configuration list for PBXNativeTarget "aivery-think-iosTests" */;
			buildPhases = (
				282252612FDC7FE700B8D961 /* Sources */,
				282252622FDC7FE700B8D961 /* Frameworks */,
				282252632FDC7FE700B8D961 /* Resources */,
			);
			buildRules = (
			);
			dependencies = (
				282252672FDC7FE700B8D961 /* PBXTargetDependency */,
			);
			fileSystemSynchronizedGroups = (
				282252682FDC7FE700B8D961 /* aivery-think-iosTests */,
			);
			name = "aivery-think-iosTests";
			packageProductDependencies = (
			);
			productName = "aivery-think-iosTests";
			productReference = 282252652FDC7FE700B8D961 /* aivery-think-iosTests.xctest */;
			productType = "com.apple.product-type.bundle.unit-test";
		};
		2822526E2FDC7FE700B8D961 /* aivery-think-iosUITests */ = {
			isa = PBXNativeTarget;
			buildConfigurationList = 2822527F2FDC7FE700B8D961 /* Build configuration list for PBXNativeTarget "aivery-think-iosUITests" */;
			buildPhases = (
				2822526B2FDC7FE700B8D961 /* Sources */,
				2822526C2FDC7FE700B8D961 /* Frameworks */,
				2822526D2FDC7FE700B8D961 /* Resources */,
			);
			buildRules = (
			);
			dependencies = (
				282252712FDC7FE700B8D961 /* PBXTargetDependency */,
			);
			fileSystemSynchronizedGroups = (
				282252722FDC7FE700B8D961 /* aivery-think-iosUITests */,
			);
			name = "aivery-think-iosUITests";
			packageProductDependencies = (
			);
			productName = "aivery-think-iosUITests";
			productReference = 2822526F2FDC7FE700B8D961 /* aivery-think-iosUITests.xctest */;
			productType = "com.apple.product-type.bundle.ui-testing";
		};
		284CEA1A2FE22BC100AA0A99 /* ThinkWidgetsExtension */ = {
			isa = PBXNativeTarget;
			buildConfigurationList = 284CEA2F2FE22BC200AA0A99 /* Build configuration list for PBXNativeTarget "ThinkWidgetsExtension" */;
			buildPhases = (
				284CEA172FE22BC100AA0A99 /* Sources */,
				284CEA182FE22BC100AA0A99 /* Frameworks */,
				284CEA192FE22BC100AA0A99 /* Resources */,
			);
			buildRules = (
			);
			dependencies = (
			);
			fileSystemSynchronizedGroups = (
				284CEA212FE22BC100AA0A99 /* ThinkWidgets */,
			);
			name = ThinkWidgetsExtension;
			packageProductDependencies = (
			);
			productName = ThinkWidgetsExtension;
			productReference = 284CEA1B2FE22BC100AA0A99 /* ThinkWidgetsExtension.appex */;
			productType = "com.apple.product-type.app-extension";
		};
/* End PBXNativeTarget section */

/* Begin PBXProject section */
		282252502FDC7FE500B8D961 /* Project object */ = {
			isa = PBXProject;
			attributes = {
				BuildIndependentTargetsInParallel = 1;
				LastSwiftUpdateCheck = 2620;
				LastUpgradeCheck = 2620;
				TargetAttributes = {
					282252572FDC7FE500B8D961 = {
						CreatedOnToolsVersion = 26.2;
					};
					282252642FDC7FE700B8D961 = {
						CreatedOnToolsVersion = 26.2;
						TestTargetID = 282252572FDC7FE500B8D961;
					};
					2822526E2FDC7FE700B8D961 = {
						CreatedOnToolsVersion = 26.2;
						TestTargetID = 282252572FDC7FE500B8D961;
					};
					284CEA1A2FE22BC100AA0A99 = {
						CreatedOnToolsVersion = 26.2;
					};
				};
			};
			buildConfigurationList = 282252532FDC7FE500B8D961 /* Build configuration list for PBXProject "aivery-think-ios" */;
			developmentRegion = en;
			hasScannedForEncodings = 0;
			knownRegions = (
				en,
				Base,
			);
			mainGroup = 2822524F2FDC7FE500B8D961;
			minimizedProjectReferenceProxies = 1;
			preferredProjectObjectVersion = 77;
			productRefGroup = 282252592FDC7FE500B8D961 /* Products */;
			projectDirPath = "";
			projectRoot = "";
			targets = (
				282252572FDC7FE500B8D961 /* aivery-think-ios */,
				282252642FDC7FE700B8D961 /* aivery-think-iosTests */,
				2822526E2FDC7FE700B8D961 /* aivery-think-iosUITests */,
				284CEA1A2FE22BC100AA0A99 /* ThinkWidgetsExtension */,
			);
		};
/* End PBXProject section */

/* Begin PBXResourcesBuildPhase section */
		282252562FDC7FE500B8D961 /* Resources */ = {
			isa = PBXResourcesBuildPhase;
			buildActionMask = 2147483647;
			files = (
			);
			runOnlyForDeploymentPostprocessing = 0;
		};
		282252632FDC7FE700B8D961 /* Resources */ = {
			isa = PBXResourcesBuildPhase;
			buildActionMask = 2147483647;
			files = (
			);
			runOnlyForDeploymentPostprocessing = 0;
		};
		2822526D2FDC7FE700B8D961 /* Resources */ = {
			isa = PBXResourcesBuildPhase;
			buildActionMask = 2147483647;
			files = (
			);
			runOnlyForDeploymentPostprocessing = 0;
		};
		284CEA192FE22BC100AA0A99 /* Resources */ = {
			isa = PBXResourcesBuildPhase;
			buildActionMask = 2147483647;
			files = (
			);
			runOnlyForDeploymentPostprocessing = 0;
		};
/* End PBXResourcesBuildPhase section */

/* Begin PBXSourcesBuildPhase section */
		282252542FDC7FE500B8D961 /* Sources */ = {
			isa = PBXSourcesBuildPhase;
			buildActionMask = 2147483647;
			files = (
			);
			runOnlyForDeploymentPostprocessing = 0;
		};
		282252612FDC7FE700B8D961 /* Sources */ = {
			isa = PBXSourcesBuildPhase;
			buildActionMask = 2147483647;
			files = (
			);
			runOnlyForDeploymentPostprocessing = 0;
		};
		2822526B2FDC7FE700B8D961 /* Sources */ = {
			isa = PBXSourcesBuildPhase;
			buildActionMask = 2147483647;
			files = (
			);
			runOnlyForDeploymentPostprocessing = 0;
		};
		284CEA172FE22BC100AA0A99 /* Sources */ = {
			isa = PBXSourcesBuildPhase;
			buildActionMask = 2147483647;
			files = (
			);
			runOnlyForDeploymentPostprocessing = 0;
		};
/* End PBXSourcesBuildPhase section */

/* Begin PBXTargetDependency section */
		282252672FDC7FE700B8D961 /* PBXTargetDependency */ = {
			isa = PBXTargetDependency;
			target = 282252572FDC7FE500B8D961 /* aivery-think-ios */;
			targetProxy = 282252662FDC7FE700B8D961 /* PBXContainerItemProxy */;
		};
		282252712FDC7FE700B8D961 /* PBXTargetDependency */ = {
			isa = PBXTargetDependency;
			target = 282252572FDC7FE500B8D961 /* aivery-think-ios */;
			targetProxy = 282252702FDC7FE700B8D961 /* PBXContainerItemProxy */;
		};
		284CEA2C2FE22BC200AA0A99 /* PBXTargetDependency */ = {
			isa = PBXTargetDependency;
			target = 284CEA1A2FE22BC100AA0A99 /* ThinkWidgetsExtension */;
			targetProxy = 284CEA2B2FE22BC200AA0A99 /* PBXContainerItemProxy */;
		};
/* End PBXTargetDependency section */

/* Begin XCBuildConfiguration section */
		282252772FDC7FE700B8D961 /* Debug */ = {
			isa = XCBuildConfiguration;
			buildSettings = {
				ALWAYS_SEARCH_USER_PATHS = NO;
				ASSETCATALOG_COMPILER_GENERATE_SWIFT_ASSET_SYMBOL_EXTENSIONS = YES;
				CLANG_ANALYZER_NONNULL = YES;
				CLANG_ANALYZER_NUMBER_OBJECT_CONVERSION = YES_AGGRESSIVE;
				CLANG_CXX_LANGUAGE_STANDARD = "gnu++20";
				CLANG_ENABLE_MODULES = YES;
				CLANG_ENABLE_OBJC_ARC = YES;
				CLANG_ENABLE_OBJC_WEAK = YES;
				CLANG_WARN_BLOCK_CAPTURE_AUTORELEASING = YES;
				CLANG_WARN_BOOL_CONVERSION = YES;
				CLANG_WARN_COMMA = YES;
				CLANG_WARN_CONSTANT_CONVERSION = YES;
				CLANG_WARN_DEPRECATED_OBJC_IMPLEMENTATIONS = YES;
				CLANG_WARN_DIRECT_OBJC_ISA_USAGE = YES_ERROR;
				CLANG_WARN_DOCUMENTATION_COMMENTS = YES;
				CLANG_WARN_EMPTY_BODY = YES;
				CLANG_WARN_ENUM_CONVERSION = YES;
				CLANG_WARN_INFINITE_RECURSION = YES;
				CLANG_WARN_INT_CONVERSION = YES;
				CLANG_WARN_NON_LITERAL_NULL_CONVERSION = YES;
				CLANG_WARN_OBJC_IMPLICIT_RETAIN_SELF = YES;
				CLANG_WARN_OBJC_LITERAL_CONVERSION = YES;
				CLANG_WARN_OBJC_ROOT_CLASS = YES_ERROR;
				CLANG_WARN_QUOTED_INCLUDE_IN_FRAMEWORK_HEADER = YES;
				CLANG_WARN_RANGE_LOOP_ANALYSIS = YES;
				CLANG_WARN_STRICT_PROTOTYPES = YES;
				CLANG_WARN_SUSPICIOUS_MOVE = YES;
				CLANG_WARN_UNGUARDED_AVAILABILITY = YES_AGGRESSIVE;
				CLANG_WARN_UNREACHABLE_CODE = YES;
				CLANG_WARN__DUPLICATE_METHOD_MATCH = YES;
				COPY_PHASE_STRIP = NO;
				DEBUG_INFORMATION_FORMAT = dwarf;
				DEVELOPMENT_TEAM = 442ZGJTQRG;
				ENABLE_STRICT_OBJC_MSGSEND = YES;
				ENABLE_TESTABILITY = YES;
				ENABLE_USER_SCRIPT_SANDBOXING = YES;
				GCC_C_LANGUAGE_STANDARD = gnu17;
				GCC_DYNAMIC_NO_PIC = NO;
				GCC_NO_COMMON_BLOCKS = YES;
				GCC_OPTIMIZATION_LEVEL = 0;
				GCC_PREPROCESSOR_DEFINITIONS = (
					"DEBUG=1",
					"$(inherited)",
				);
				GCC_WARN_64_TO_32_BIT_CONVERSION = YES;
				GCC_WARN_ABOUT_RETURN_TYPE = YES_ERROR;
				GCC_WARN_UNDECLARED_SELECTOR = YES;
				GCC_WARN_UNINITIALIZED_AUTOS = YES_AGGRESSIVE;
				GCC_WARN_UNUSED_FUNCTION = YES;
				GCC_WARN_UNUSED_VARIABLE = YES;
				IPHONEOS_DEPLOYMENT_TARGET = 26.2;
				LOCALIZATION_PREFERS_STRING_CATALOGS = YES;
				MTL_ENABLE_DEBUG_INFO = INCLUDE_SOURCE;
				MTL_FAST_MATH = YES;
				ONLY_ACTIVE_ARCH = YES;
				SDKROOT = iphoneos;
				SWIFT_ACTIVE_COMPILATION_CONDITIONS = "DEBUG $(inherited)";
				SWIFT_OPTIMIZATION_LEVEL = "-Onone";
			};
			name = Debug;
		};
		282252782FDC7FE700B8D961 /* Release */ = {
			isa = XCBuildConfiguration;
			buildSettings = {
				ALWAYS_SEARCH_USER_PATHS = NO;
				ASSETCATALOG_COMPILER_GENERATE_SWIFT_ASSET_SYMBOL_EXTENSIONS = YES;
				CLANG_ANALYZER_NONNULL = YES;
				CLANG_ANALYZER_NUMBER_OBJECT_CONVERSION = YES_AGGRESSIVE;
				CLANG_CXX_LANGUAGE_STANDARD = "gnu++20";
				CLANG_ENABLE_MODULES = YES;
				CLANG_ENABLE_OBJC_ARC = YES;
				CLANG_ENABLE_OBJC_WEAK = YES;
				CLANG_WARN_BLOCK_CAPTURE_AUTORELEASING = YES;
				CLANG_WARN_BOOL_CONVERSION = YES;
				CLANG_WARN_COMMA = YES;
				CLANG_WARN_CONSTANT_CONVERSION = YES;
				CLANG_WARN_DEPRECATED_OBJC_IMPLEMENTATIONS = YES;
				CLANG_WARN_DIRECT_OBJC_ISA_USAGE = YES_ERROR;
				CLANG_WARN_DOCUMENTATION_COMMENTS = YES;
				CLANG_WARN_EMPTY_BODY = YES;
				CLANG_WARN_ENUM_CONVERSION = YES;
				CLANG_WARN_INFINITE_RECURSION = YES;
				CLANG_WARN_INT_CONVERSION = YES;
				CLANG_WARN_NON_LITERAL_NULL_CONVERSION = YES;
				CLANG_WARN_OBJC_IMPLICIT_RETAIN_SELF = YES;
				CLANG_WARN_OBJC_LITERAL_CONVERSION = YES;
				CLANG_WARN_OBJC_ROOT_CLASS = YES_ERROR;
				CLANG_WARN_QUOTED_INCLUDE_IN_FRAMEWORK_HEADER = YES;
				CLANG_WARN_RANGE_LOOP_ANALYSIS = YES;
				CLANG_WARN_STRICT_PROTOTYPES = YES;
				CLANG_WARN_SUSPICIOUS_MOVE = YES;
				CLANG_WARN_UNGUARDED_AVAILABILITY = YES_AGGRESSIVE;
				CLANG_WARN_UNREACHABLE_CODE = YES;
				CLANG_WARN__DUPLICATE_METHOD_MATCH = YES;
				COPY_PHASE_STRIP = NO;
				DEBUG_INFORMATION_FORMAT = "dwarf-with-dsym";
				DEVELOPMENT_TEAM = 442ZGJTQRG;
				ENABLE_NS_ASSERTIONS = NO;
				ENABLE_STRICT_OBJC_MSGSEND = YES;
				ENABLE_USER_SCRIPT_SANDBOXING = YES;
				GCC_C_LANGUAGE_STANDARD = gnu17;
				GCC_NO_COMMON_BLOCKS = YES;
				GCC_WARN_64_TO_32_BIT_CONVERSION = YES;
				GCC_WARN_ABOUT_RETURN_TYPE = YES_ERROR;
				GCC_WARN_UNDECLARED_SELECTOR = YES;
				GCC_WARN_UNINITIALIZED_AUTOS = YES_AGGRESSIVE;
				GCC_WARN_UNUSED_FUNCTION = YES;
				GCC_WARN_UNUSED_VARIABLE = YES;
				IPHONEOS_DEPLOYMENT_TARGET = 26.2;
				LOCALIZATION_PREFERS_STRING_CATALOGS = YES;
				MTL_ENABLE_DEBUG_INFO = NO;
				MTL_FAST_MATH = YES;
				SDKROOT = iphoneos;
				SWIFT_COMPILATION_MODE = wholemodule;
				VALIDATE_PRODUCT = YES;
			};
			name = Release;
		};
		2822527A2FDC7FE700B8D961 /* Debug */ = {
			isa = XCBuildConfiguration;
			buildSettings = {
				ASSETCATALOG_COMPILER_APPICON_NAME = AppIcon;
				ASSETCATALOG_COMPILER_GLOBAL_ACCENT_COLOR_NAME = AccentColor;
				CODE_SIGN_STYLE = Automatic;
				CURRENT_PROJECT_VERSION = 1;
				DEVELOPMENT_TEAM = 442ZGJTQRG;
				ENABLE_PREVIEWS = YES;
				GENERATE_INFOPLIST_FILE = YES;
				INFOPLIST_FILE = Info.plist;
				INFOPLIST_KEY_NSLocationWhenInUseUsageDescription = "Aivery attaches your location to memories so you can search them later by place.";
				INFOPLIST_KEY_UIApplicationSceneManifest_Generation = YES;
				INFOPLIST_KEY_UIApplicationSupportsIndirectInputEvents = YES;
				INFOPLIST_KEY_UILaunchScreen_Generation = YES;
				INFOPLIST_KEY_UISupportedInterfaceOrientations_iPad = "UIInterfaceOrientationPortrait UIInterfaceOrientationPortraitUpsideDown UIInterfaceOrientationLandscapeLeft UIInterfaceOrientationLandscapeRight";
				INFOPLIST_KEY_UISupportedInterfaceOrientations_iPhone = "UIInterfaceOrientationPortrait UIInterfaceOrientationLandscapeLeft UIInterfaceOrientationLandscapeRight";
				LD_RUNPATH_SEARCH_PATHS = (
					"$(inherited)",
					"@executable_path/Frameworks",
				);
				MARKETING_VERSION = 1.0;
				PRODUCT_BUNDLE_IDENTIFIER = "matsoukis.aivery-think-ios";
				PRODUCT_NAME = "$(TARGET_NAME)";
				STRING_CATALOG_GENERATE_SYMBOLS = YES;
				SWIFT_APPROACHABLE_CONCURRENCY = YES;
				SWIFT_DEFAULT_ACTOR_ISOLATION = MainActor;
				SWIFT_EMIT_LOC_STRINGS = YES;
				SWIFT_UPCOMING_FEATURE_MEMBER_IMPORT_VISIBILITY = YES;
				SWIFT_VERSION = 5.0;
				TARGETED_DEVICE_FAMILY = "1,2";
			};
			name = Debug;
		};
		2822527B2FDC7FE700B8D961 /* Release */ = {
			isa = XCBuildConfiguration;
			buildSettings = {
				ASSETCATALOG_COMPILER_APPICON_NAME = AppIcon;
				ASSETCATALOG_COMPILER_GLOBAL_ACCENT_COLOR_NAME = AccentColor;
				CODE_SIGN_STYLE = Automatic;
				CURRENT_PROJECT_VERSION = 1;
				DEVELOPMENT_TEAM = 442ZGJTQRG;
				ENABLE_PREVIEWS = YES;
				GENERATE_INFOPLIST_FILE = YES;
				INFOPLIST_FILE = Info.plist;
				INFOPLIST_KEY_NSLocationWhenInUseUsageDescription = "Aivery attaches your location to memories so you can search them later by place.";
				INFOPLIST_KEY_UIApplicationSceneManifest_Generation = YES;
				INFOPLIST_KEY_UIApplicationSupportsIndirectInputEvents = YES;
				INFOPLIST_KEY_UILaunchScreen_Generation = YES;
				INFOPLIST_KEY_UISupportedInterfaceOrientations_iPad = "UIInterfaceOrientationPortrait UIInterfaceOrientationPortraitUpsideDown UIInterfaceOrientationLandscapeLeft UIInterfaceOrientationLandscapeRight";
				INFOPLIST_KEY_UISupportedInterfaceOrientations_iPhone = "UIInterfaceOrientationPortrait UIInterfaceOrientationLandscapeLeft UIInterfaceOrientationLandscapeRight";
				LD_RUNPATH_SEARCH_PATHS = (
					"$(inherited)",
					"@executable_path/Frameworks",
				);
				MARKETING_VERSION = 1.0;
				PRODUCT_BUNDLE_IDENTIFIER = "matsoukis.aivery-think-ios";
				PRODUCT_NAME = "$(TARGET_NAME)";
				STRING_CATALOG_GENERATE_SYMBOLS = YES;
				SWIFT_APPROACHABLE_CONCURRENCY = YES;
				SWIFT_DEFAULT_ACTOR_ISOLATION = MainActor;
				SWIFT_EMIT_LOC_STRINGS = YES;
				SWIFT_UPCOMING_FEATURE_MEMBER_IMPORT_VISIBILITY = YES;
				SWIFT_VERSION = 5.0;
				TARGETED_DEVICE_FAMILY = "1,2";
			};
			name = Release;
		};
		2822527D2FDC7FE700B8D961 /* Debug */ = {
			isa = XCBuildConfiguration;
			buildSettings = {
				BUNDLE_LOADER = "$(TEST_HOST)";
				CODE_SIGN_STYLE = Automatic;
				CURRENT_PROJECT_VERSION = 1;
				DEVELOPMENT_TEAM = 442ZGJTQRG;
				GENERATE_INFOPLIST_FILE = YES;
				IPHONEOS_DEPLOYMENT_TARGET = 26.2;
				MARKETING_VERSION = 1.0;
				PRODUCT_BUNDLE_IDENTIFIER = "matsoukis.aivery-think-iosTests";
				PRODUCT_NAME = "$(TARGET_NAME)";
				STRING_CATALOG_GENERATE_SYMBOLS = NO;
				SWIFT_APPROACHABLE_CONCURRENCY = YES;
				SWIFT_EMIT_LOC_STRINGS = NO;
				SWIFT_UPCOMING_FEATURE_MEMBER_IMPORT_VISIBILITY = YES;
				SWIFT_VERSION = 5.0;
				TARGETED_DEVICE_FAMILY = "1,2";
				TEST_HOST = "$(BUILT_PRODUCTS_DIR)/aivery-think-ios.app/$(BUNDLE_EXECUTABLE_FOLDER_PATH)/aivery-think-ios";
			};
			name = Debug;
		};
		2822527E2FDC7FE700B8D961 /* Release */ = {
			isa = XCBuildConfiguration;
			buildSettings = {
				BUNDLE_LOADER = "$(TEST_HOST)";
				CODE_SIGN_STYLE = Automatic;
				CURRENT_PROJECT_VERSION = 1;
				DEVELOPMENT_TEAM = 442ZGJTQRG;
				GENERATE_INFOPLIST_FILE = YES;
				IPHONEOS_DEPLOYMENT_TARGET = 26.2;
				MARKETING_VERSION = 1.0;
				PRODUCT_BUNDLE_IDENTIFIER = "matsoukis.aivery-think-iosTests";
				PRODUCT_NAME = "$(TARGET_NAME)";
				STRING_CATALOG_GENERATE_SYMBOLS = NO;
				SWIFT_APPROACHABLE_CONCURRENCY = YES;
				SWIFT_EMIT_LOC_STRINGS = NO;
				SWIFT_UPCOMING_FEATURE_MEMBER_IMPORT_VISIBILITY = YES;
				SWIFT_VERSION = 5.0;
				TARGETED_DEVICE_FAMILY = "1,2";
				TEST_HOST = "$(BUILT_PRODUCTS_DIR)/aivery-think-ios.app/$(BUNDLE_EXECUTABLE_FOLDER_PATH)/aivery-think-ios";
			};
			name = Release;
		};
		282252802FDC7FE700B8D961 /* Debug */ = {
			isa = XCBuildConfiguration;
			buildSettings = {
				CODE_SIGN_STYLE = Automatic;
				CURRENT_PROJECT_VERSION = 1;
				DEVELOPMENT_TEAM = 442ZGJTQRG;
				GENERATE_INFOPLIST_FILE = YES;
				MARKETING_VERSION = 1.0;
				PRODUCT_BUNDLE_IDENTIFIER = "matsoukis.aivery-think-iosUITests";
				PRODUCT_NAME = "$(TARGET_NAME)";
				STRING_CATALOG_GENERATE_SYMBOLS = NO;
				SWIFT_APPROACHABLE_CONCURRENCY = YES;
				SWIFT_EMIT_LOC_STRINGS = NO;
				SWIFT_UPCOMING_FEATURE_MEMBER_IMPORT_VISIBILITY = YES;
				SWIFT_VERSION = 5.0;
				TARGETED_DEVICE_FAMILY = "1,2";
				TEST_TARGET_NAME = "aivery-think-ios";
			};
			name = Debug;
		};
		282252812FDC7FE700B8D961 /* Release */ = {
			isa = XCBuildConfiguration;
			buildSettings = {
				CODE_SIGN_STYLE = Automatic;
				CURRENT_PROJECT_VERSION = 1;
				DEVELOPMENT_TEAM = 442ZGJTQRG;
				GENERATE_INFOPLIST_FILE = YES;
				MARKETING_VERSION = 1.0;
				PRODUCT_BUNDLE_IDENTIFIER = "matsoukis.aivery-think-iosUITests";
				PRODUCT_NAME = "$(TARGET_NAME)";
				STRING_CATALOG_GENERATE_SYMBOLS = NO;
				SWIFT_APPROACHABLE_CONCURRENCY = YES;
				SWIFT_EMIT_LOC_STRINGS = NO;
				SWIFT_UPCOMING_FEATURE_MEMBER_IMPORT_VISIBILITY = YES;
				SWIFT_VERSION = 5.0;
				TARGETED_DEVICE_FAMILY = "1,2";
				TEST_TARGET_NAME = "aivery-think-ios";
			};
			name = Release;
		};
		284CEA302FE22BC200AA0A99 /* Debug */ = {
			isa = XCBuildConfiguration;
			buildSettings = {
				ASSETCATALOG_COMPILER_GLOBAL_ACCENT_COLOR_NAME = AccentColor;
				ASSETCATALOG_COMPILER_WIDGET_BACKGROUND_COLOR_NAME = WidgetBackground;
				CODE_SIGN_STYLE = Automatic;
				CURRENT_PROJECT_VERSION = 1;
				DEVELOPMENT_TEAM = 442ZGJTQRG;
				GENERATE_INFOPLIST_FILE = YES;
				INFOPLIST_FILE = ThinkWidgets/Info.plist;
				INFOPLIST_KEY_CFBundleDisplayName = ThinkWidgets;
				INFOPLIST_KEY_NSHumanReadableCopyright = "";
				LD_RUNPATH_SEARCH_PATHS = (
					"$(inherited)",
					"@executable_path/Frameworks",
					"@executable_path/../../Frameworks",
				);
				MARKETING_VERSION = 1.0;
				PRODUCT_BUNDLE_IDENTIFIER = "matsoukis.aivery-think-ios.ThinkWidgets";
				PRODUCT_NAME = "$(TARGET_NAME)";
				SKIP_INSTALL = YES;
				STRING_CATALOG_GENERATE_SYMBOLS = YES;
				SWIFT_APPROACHABLE_CONCURRENCY = YES;
				SWIFT_EMIT_LOC_STRINGS = YES;
				SWIFT_UPCOMING_FEATURE_MEMBER_IMPORT_VISIBILITY = YES;
				SWIFT_VERSION = 5.0;
				TARGETED_DEVICE_FAMILY = "1,2";
			};
			name = Debug;
		};
		284CEA312FE22BC200AA0A99 /* Release */ = {
			isa = XCBuildConfiguration;
			buildSettings = {
				ASSETCATALOG_COMPILER_GLOBAL_ACCENT_COLOR_NAME = AccentColor;
				ASSETCATALOG_COMPILER_WIDGET_BACKGROUND_COLOR_NAME = WidgetBackground;
				CODE_SIGN_STYLE = Automatic;
				CURRENT_PROJECT_VERSION = 1;
				DEVELOPMENT_TEAM = 442ZGJTQRG;
				GENERATE_INFOPLIST_FILE = YES;
				INFOPLIST_FILE = ThinkWidgets/Info.plist;
				INFOPLIST_KEY_CFBundleDisplayName = ThinkWidgets;
				INFOPLIST_KEY_NSHumanReadableCopyright = "";
				LD_RUNPATH_SEARCH_PATHS = (
					"$(inherited)",
					"@executable_path/Frameworks",
					"@executable_path/../../Frameworks",
				);
				MARKETING_VERSION = 1.0;
				PRODUCT_BUNDLE_IDENTIFIER = "matsoukis.aivery-think-ios.ThinkWidgets";
				PRODUCT_NAME = "$(TARGET_NAME)";
				SKIP_INSTALL = YES;
				STRING_CATALOG_GENERATE_SYMBOLS = YES;
				SWIFT_APPROACHABLE_CONCURRENCY = YES;
				SWIFT_EMIT_LOC_STRINGS = YES;
				SWIFT_UPCOMING_FEATURE_MEMBER_IMPORT_VISIBILITY = YES;
				SWIFT_VERSION = 5.0;
				TARGETED_DEVICE_FAMILY = "1,2";
			};
			name = Release;
		};
/* End XCBuildConfiguration section */

/* Begin XCConfigurationList section */
		282252532FDC7FE500B8D961 /* Build configuration list for PBXProject "aivery-think-ios" */ = {
			isa = XCConfigurationList;
			buildConfigurations = (
				282252772FDC7FE700B8D961 /* Debug */,
				282252782FDC7FE700B8D961 /* Release */,
			);
			defaultConfigurationIsVisible = 0;
			defaultConfigurationName = Release;
		};
		282252792FDC7FE700B8D961 /* Build configuration list for PBXNativeTarget "aivery-think-ios" */ = {
			isa = XCConfigurationList;
			buildConfigurations = (
				2822527A2FDC7FE700B8D961 /* Debug */,
				2822527B2FDC7FE700B8D961 /* Release */,
			);
			defaultConfigurationIsVisible = 0;
			defaultConfigurationName = Release;
		};
		2822527C2FDC7FE700B8D961 /* Build configuration list for PBXNativeTarget "aivery-think-iosTests" */ = {
			isa = XCConfigurationList;
			buildConfigurations = (
				2822527D2FDC7FE700B8D961 /* Debug */,
				2822527E2FDC7FE700B8D961 /* Release */,
			);
			defaultConfigurationIsVisible = 0;
			defaultConfigurationName = Release;
		};
		2822527F2FDC7FE700B8D961 /* Build configuration list for PBXNativeTarget "aivery-think-iosUITests" */ = {
			isa = XCConfigurationList;
			buildConfigurations = (
				282252802FDC7FE700B8D961 /* Debug */,
				282252812FDC7FE700B8D961 /* Release */,
			);
			defaultConfigurationIsVisible = 0;
			defaultConfigurationName = Release;
		};
		284CEA2F2FE22BC200AA0A99 /* Build configuration list for PBXNativeTarget "ThinkWidgetsExtension" */ = {
			isa = XCConfigurationList;
			buildConfigurations = (
				284CEA302FE22BC200AA0A99 /* Debug */,
				284CEA312FE22BC200AA0A99 /* Release */,
			);
			defaultConfigurationIsVisible = 0;
			defaultConfigurationName = Release;
		};
/* End XCConfigurationList section */
	};
	rootObject = 282252502FDC7FE500B8D961 /* Project object */;
}
